
Microsoft Visual Studio Solution File, Format Version 12.00
Project("{FAE04EC0-301F-11D3-BF4B-00C04F79EFBC}") = "FishingJournal", "FishingJournal\FishingJournal.csproj", "{7E35BF98-3156-42AC-9921-7E510724C1EA}"
EndProject
Project("{FAE04EC0-301F-11D3-BF4B-00C04F79EFBC}") = "FishingJournalTest", "FishingJournalTest\FishingJournalTest.csproj", "{8180580C-EFE3-4716-A312-2FEFE4ACB35E}"
EndProject
Global
	GlobalSection(SolutionConfigurationPlatforms) = preSolution
		Debug|Any CPU = Debug|Any CPU
		Release|Any CPU = Release|Any CPU
	EndGlobalSection
	GlobalSection(ProjectConfigurationPlatforms) = postSolution
		{7E35BF98-3156-42AC-9921-7E510724C1EA}.Debug|Any CPU.ActiveCfg = Debug|Any CPU
		{7E35BF98-3156-42AC-9921-7E510724C1EA}.Debug|Any CPU.Build.0 = Debug|Any CPU
		{7E35BF98-3156-42AC-9921-7E510724C1EA}.Release|Any CPU.ActiveCfg = Release|Any CPU
		{7E35BF98-3156-42AC-9921-7E510724C1EA}.Release|Any CPU.Build.0 = Release|Any CPU
		{8180580C-EFE3-4716-A312-2FEFE4ACB35E}.Debug|Any CPU.ActiveCfg = Debug|Any CPU
		{8180580C-EFE3-4716-A312-2FEFE4ACB35E}.Debug|Any CPU.Build.0 = Debug|Any CPU
		{8180580C-EFE3-4716-A312-2FEFE4ACB35E}.Release|Any CPU.ActiveCfg = Release|Any CPU
		{8180580C-EFE3-4716-A312-2FEFE4ACB35E}.Release|Any CPU.Build.0 = Release|Any CPU
	EndGlobalSection
EndGlobal
